// !$*UTF8*$!
{
	archiveVersion = 1;
	classes = {
	};
	objectVersion = 77;
	objects = {

/* Begin PBXBuildFile section */
		C79E61942D9868BE0059E263 /* SDWebImageSwiftUI in Frameworks */ = {isa = PBXBuildFile; productRef = C79E61932D9868BE0059E263 /* SDWebImageSwiftUI */; };
		C79E61A92D9874A70059E263 /* SwiftUIFlowLayout in Frameworks */ = {isa = PBXBuildFile; productRef = C79E61A82D9874A70059E263 /* SwiftUIFlowLayout */; };
/* End PBXBuildFile section */

/* Begin PBXContainerItemProxy section */
		C79E61552D985D530059E263 /* PBXContainerItemProxy */ = {
			isa = PBXContainerItemProxy;
			containerPortal = C79E613C2D985D510059E263 /* Project object */;
			proxyType = 1;
			remoteGlobalIDString = C79E61432D985D510059E263;
			remoteInfo = CForge;
		};
		C79E615F2D985D530059E263 /* PBXContainerItemProxy */ = {
			isa = PBXContainerItemProxy;
			containerPortal = C79E613C2D985D510059E263 /* Project object */;
			proxyType = 1;
			remoteGlobalIDString = C79E61432D985D510059E263;
			remoteInfo = CForge;
		};
/* End PBXContainerItemProxy section */

/* Begin PBXFileReference section */
		C79E61442D985D510059E263 /* CForge.app */ = {isa = PBXFileReference; explicitFileType = wrapper.application; includeInIndex = 0; path = CForge.app; sourceTree = BUILT_PRODUCTS_DIR; };
		C79E61542D985D530059E263 /* CForgeTests.xctest */ = {isa = PBXFileReference; explicitFileType = wrapper.cfbundle; includeInIndex = 0; path = CForgeTests.xctest; sourceTree = BUILT_PRODUCTS_DIR; };
		C79E615E2D985D530059E263 /* CForgeUITests.xctest */ = {isa = PBXFileReference; explicitFileType = wrapper.cfbundle; includeInIndex = 0; path = CForgeUITests.xctest; sourceTree = BUILT_PRODUCTS_DIR; };
/* End PBXFileReference section */

/* Begin PBXFileSystemSynchronizedRootGroup section */
		C79E61462D985D510059E263 /* CForge */ = {
			isa = PBXFileSystemSynchronizedRootGroup;
			path = CForge;
			sourceTree = "<group>";
		};
		C79E61572D985D530059E263 /* CForgeTests */ = {
			isa = PBXFileSystemSynchronizedRootGroup;
			path = CForgeTests;
			sourceTree = "<group>";
		};
		C79E61612D985D530059E263 /* CForgeUITests */ = {
			isa = PBXFileSystemSynchronizedRootGroup;
			path = CForgeUITests;
			sourceTree = "<group>";
		};
/* End PBXFileSystemSynchronizedRootGroup section */

/* Begin PBXFrameworksBuildPhase section */
		C79E61412D985D510059E263 /* Frameworks */ = {
			isa = PBXFrameworksBuildPhase;
			buildActionMask = 2147483647;
			files = (
				C79E61A92D9874A70059E263 /* SwiftUIFlowLayout in Frameworks */,
				C79E61942D9868BE0059E263 /* SDWebImageSwiftUI in Frameworks */,
			);
			runOnlyForDeploymentPostprocessing = 0;
		};
		C79E61512D985D530059E263 /* Frameworks */ = {
			isa = PBXFrameworksBuildPhase;
			buildActionMask = 2147483647;
			files = (
			);
			runOnlyForDeploymentPostprocessing = 0;
		};
		C79E615B2D985D530059E263 /* Frameworks */ = {
			isa = PBXFrameworksBuildPhase;
			buildActionMask = 2147483647;
			files = (
			);
			runOnlyForDeploymentPostprocessing = 0;
		};
/* End PBXFrameworksBuildPhase section */

/* Begin PBXGroup section */
		C79E613B2D985D510059E263 = {
			isa = PBXGroup;
			children = (
				C79E61462D985D510059E263 /* CForge */,
				C79E61572D985D530059E263 /* CForgeTests */,
				C79E61612D985D530059E263 /* CForgeUITests */,
				C79E61452D985D510059E263 /* Products */,
			);
			sourceTree = "<group>";
		};
		C79E61452D985D510059E263 /* Products */ = {
			isa = PBXGroup;
			children = (
				C79E61442D985D510059E263 /* CForge.app */,
				C79E61542D985D530059E263 /* CForgeTests.xctest */,
				C79E615E2D985D530059E263 /* CForgeUITests.xctest */,
			);
			name = Products;
			sourceTree = "<group>";
		};
/* End PBXGroup section */

/* Begin PBXNativeTarget section */
		C79E61432D985D510059E263 /* CForge */ = {
			isa = PBXNativeTarget;
			buildConfigurationList = C79E61682D985D530059E263 /* Build configuration list for PBXNativeTarget "CForge" */;
			buildPhases = (
				C79E61402D985D510059E263 /* Sources */,
				C79E61412D985D510059E263 /* Frameworks */,
				C79E61422D985D510059E263 /* Resources */,
			);
			buildRules = (
			);
			dependencies = (
			);
			fileSystemSynchronizedGroups = (
				C79E61462D985D510059E263 /* CForge */,
			);
			name = CForge;
			packageProductDependencies = (
				C79E61932D9868BE0059E263 /* SDWebImageSwiftUI */,
				C79E61A82D9874A70059E263 /* SwiftUIFlowLayout */,
			);
			productName = CForge;
			productReference = C79E61442D985D510059E263 /* CForge.app */;
			productType = "com.apple.product-type.application";
		};
		C79E61532D985D530059E263 /* CForgeTests */ = {
			isa = PBXNativeTarget;
			buildConfigurationList = C79E616B2D985D530059E263 /* Build configuration list for PBXNativeTarget "CForgeTests" */;
			buildPhases = (
				C79E61502D985D530059E263 /* Sources */,
				C79E61512D985D530059E263 /* Frameworks */,
				C79E61522D985D530059E263 /* Resources */,
			);
			buildRules = (
			);
			dependencies = (
				C79E61562D985D530059E263 /* PBXTargetDependency */,
			);
			fileSystemSynchronizedGroups = (
				C79E61572D985D530059E263 /* CForgeTests */,
			);
			name = CForgeTests;
			packageProductDependencies = (
			);
			productName = CForgeTests;
			productReference = C79E61542D985D530059E263 /* CForgeTests.xctest */;
			productType = "com.apple.product-type.bundle.unit-test";
		};
		C79E615D2D985D530059E263 /* CForgeUITests */ = {
			isa = PBXNativeTarget;
			buildConfigurationList = C79E616E2D985D530059E263 /* Build configuration list for PBXNativeTarget "CForgeUITests" */;
			buildPhases = (
				C79E615A2D985D530059E263 /* Sources */,
				C79E615B2D985D530059E263 /* Frameworks */,
				C79E615C2D985D530059E263 /* Resources */,
			);
			buildRules = (
			);
			dependencies = (
				C79E61602D985D530059E263 /* PBXTargetDependency */,
			);
			fileSystemSynchronizedGroups = (
				C79E61612D985D530059E263 /* CForgeUITests */,
			);
			name = CForgeUITests;
			packageProductDependencies = (
			);
			productName = CForgeUITests;
			productReference = C79E615E2D985D530059E263 /* CForgeUITests.xctest */;
			productType = "com.apple.product-type.bundle.ui-testing";
		};
/* End PBXNativeTarget section */

/* Begin PBXProject section */
		C79E613C2D985D510059E263 /* Project object */ = {
			isa = PBXProject;
			attributes = {
				BuildIndependentTargetsInParallel = 1;
				LastSwiftUpdateCheck = 1620;
				LastUpgradeCheck = 1620;
				TargetAttributes = {
					C79E61432D985D510059E263 = {
						CreatedOnToolsVersion = 16.2;
					};
					C79E61532D985D530059E263 = {
						CreatedOnToolsVersion = 16.2;
						TestTargetID = C79E61432D985D510059E263;
					};
					C79E615D2D985D530059E263 = {
						CreatedOnToolsVersion = 16.2;
						TestTargetID = C79E61432D985D510059E263;
					};
				};
			};
			buildConfigurationList = C79E613F2D985D510059E263 /* Build configuration list for PBXProject "CForge" */;
			developmentRegion = en;
			hasScannedForEncodings = 0;
			knownRegions = (
				en,
				Base,
			);
			mainGroup = C79E613B2D985D510059E263;
			minimizedProjectReferenceProxies = 1;
			packageReferences = (
				C79E61922D9868BE0059E263 /* XCRemoteSwiftPackageReference "SDWebImageSwiftUI" */,
				C79E61A72D9874A70059E263 /* XCRemoteSwiftPackageReference "swiftui-flow-layout" */,
			);
			preferredProjectObjectVersion = 77;
			productRefGroup = C79E61452D985D510059E263 /* Products */;
			projectDirPath = "";
			projectRoot = "";
			targets = (
				C79E61432D985D510059E263 /* CForge */,
				C79E61532D985D530059E263 /* CForgeTests */,
				C79E615D2D985D530059E263 /* CForgeUITests */,
			);
		};
/* End PBXProject section */

/* Begin PBXResourcesBuildPhase section */
		C79E61422D985D510059E263 /* Resources */ = {
			isa = PBXResourcesBuildPhase;
			buildActionMask = 2147483647;
			files = (
			);
			runOnlyForDeploymentPostprocessing = 0;
		};
		C79E61522D985D530059E263 /* Resources */ = {
			isa = PBXResourcesBuildPhase;
			buildActionMask = 2147483647;
			files = (
			);
			runOnlyForDeploymentPostprocessing = 0;
		};
		C79E615C2D985D530059E263 /* Resources */ = {
			isa = PBXResourcesBuildPhase;
			buildActionMask = 2147483647;
			files = (
			);
			runOnlyForDeploymentPostprocessing = 0;
		};
/* End PBXResourcesBuildPhase section */

/* Begin PBXSourcesBuildPhase section */
		C79E61402D985D510059E263 /* Sources */ = {
			isa = PBXSourcesBuildPhase;
			buildActionMask = 2147483647;
			files = (
			);
			runOnlyForDeploymentPostprocessing = 0;
		};
		C79E61502D985D530059E263 /* Sources */ = {
			isa = PBXSourcesBuildPhase;
			buildActionMask = 2147483647;
			files = (
			);
			runOnlyForDeploymentPostprocessing = 0;
		};
		C79E615A2D985D530059E263 /* Sources */ = {
			isa = PBXSourcesBuildPhase;
			buildActionMask = 2147483647;
			files = (
			);
			runOnlyForDeploymentPostprocessing = 0;
		};
/* End PBXSourcesBuildPhase section */

/* Begin PBXTargetDependency section */
		C79E61562D985D530059E263 /* PBXTargetDependency */ = {
			isa = PBXTargetDependency;
			target = C79E61432D985D510059E263 /* CForge */;
			targetProxy = C79E61552D985D530059E263 /* PBXContainerItemProxy */;
		};
		C79E61602D985D530059E263 /* PBXTargetDependency */ = {
			isa = PBXTargetDependency;
			target = C79E61432D985D510059E263 /* CForge */;
			targetProxy = C79E615F2D985D530059E263 /* PBXContainerItemProxy */;
		};
/* End PBXTargetDependency section */

/* Begin XCBuildConfiguration section */
		C79E61662D985D530059E263 /* Debug */ = {
			isa = XCBuildConfiguration;
			buildSettings = {
				ALWAYS_SEARCH_USER_PATHS = NO;
				ASSETCATALOG_COMPILER_GENERATE_SWIFT_ASSET_SYMBOL_EXTENSIONS = YES;
				CLANG_ANALYZER_NONNULL = YES;
				CLANG_ANALYZER_NUMBER_OBJECT_CONVERSION = YES_AGGRESSIVE;
				CLANG_CXX_LANGUAGE_STANDARD = "gnu++20";
				CLANG_ENABLE_MODULES = YES;
				CLANG_ENABLE_OBJC_ARC = YES;
				CLANG_ENABLE_OBJC_WEAK = YES;
				CLANG_WARN_BLOCK_CAPTURE_AUTORELEASING = YES;
				CLANG_WARN_BOOL_CONVERSION = YES;
				CLANG_WARN_COMMA = YES;
				CLANG_WARN_CONSTANT_CONVERSION = YES;
				CLANG_WARN_DEPRECATED_OBJC_IMPLEMENTATIONS = YES;
				CLANG_WARN_DIRECT_OBJC_ISA_USAGE = YES_ERROR;
				CLANG_WARN_DOCUMENTATION_COMMENTS = YES;
				CLANG_WARN_EMPTY_BODY = YES;
				CLANG_WARN_ENUM_CONVERSION = YES;
				CLANG_WARN_INFINITE_RECURSION = YES;
				CLANG_WARN_INT_CONVERSION = YES;
				CLANG_WARN_NON_LITERAL_NULL_CONVERSION = YES;
				CLANG_WARN_OBJC_IMPLICIT_RETAIN_SELF = YES;
				CLANG_WARN_OBJC_LITERAL_CONVERSION = YES;
				CLANG_WARN_OBJC_ROOT_CLASS = YES_ERROR;
				CLANG_WARN_QUOTED_INCLUDE_IN_FRAMEWORK_HEADER = YES;
				CLANG_WARN_RANGE_LOOP_ANALYSIS = YES;
				CLANG_WARN_STRICT_PROTOTYPES = YES;
				CLANG_WARN_SUSPICIOUS_MOVE = YES;
				CLANG_WARN_UNGUARDED_AVAILABILITY = YES_AGGRESSIVE;
				CLANG_WARN_UNREACHABLE_CODE = YES;
				CLANG_WARN__DUPLICATE_METHOD_MATCH = YES;
				COPY_PHASE_STRIP = NO;
				DEBUG_INFORMATION_FORMAT = dwarf;
				ENABLE_STRICT_OBJC_MSGSEND = YES;
				ENABLE_TESTABILITY = YES;
				ENABLE_USER_SCRIPT_SANDBOXING = YES;
				GCC_C_LANGUAGE_STANDARD = gnu17;
				GCC_DYNAMIC_NO_PIC = NO;
				GCC_NO_COMMON_BLOCKS = YES;
				GCC_OPTIMIZATION_LEVEL = 0;
				GCC_PREPROCESSOR_DEFINITIONS = (
					"DEBUG=1",
					"$(inherited)",
				);
				GCC_WARN_64_TO_32_BIT_CONVERSION = YES;
				GCC_WARN_ABOUT_RETURN_TYPE = YES_ERROR;
				GCC_WARN_UNDECLARED_SELECTOR = YES;
				GCC_WARN_UNINITIALIZED_AUTOS = YES_AGGRESSIVE;
				GCC_WARN_UNUSED_FUNCTION = YES;
				GCC_WARN_UNUSED_VARIABLE = YES;
				IPHONEOS_DEPLOYMENT_TARGET = 18.2;
				LOCALIZATION_PREFERS_STRING_CATALOGS = YES;
				MTL_ENABLE_DEBUG_INFO = INCLUDE_SOURCE;
				MTL_FAST_MATH = YES;
				ONLY_ACTIVE_ARCH = YES;
				SDKROOT = iphoneos;
				SWIFT_ACTIVE_COMPILATION_CONDITIONS = "DEBUG $(inherited)";
				SWIFT_OPTIMIZATION_LEVEL = "-Onone";
			};
			name = Debug;
		};
		C79E61672D985D530059E263 /* Release */ = {
			isa = XCBuildConfiguration;
			buildSettings = {
				ALWAYS_SEARCH_USER_PATHS = NO;
				ASSETCATALOG_COMPILER_GENERATE_SWIFT_ASSET_SYMBOL_EXTENSIONS = YES;
				CLANG_ANALYZER_NONNULL = YES;
				CLANG_ANALYZER_NUMBER_OBJECT_CONVERSION = YES_AGGRESSIVE;
				CLANG_CXX_LANGUAGE_STANDARD = "gnu++20";
				CLANG_ENABLE_MODULES = YES;
				CLANG_ENABLE_OBJC_ARC = YES;
				CLANG_ENABLE_OBJC_WEAK = YES;
				CLANG_WARN_BLOCK_CAPTURE_AUTORELEASING = YES;
				CLANG_WARN_BOOL_CONVERSION = YES;
				CLANG_WARN_COMMA = YES;
				CLANG_WARN_CONSTANT_CONVERSION = YES;
				CLANG_WARN_DEPRECATED_OBJC_IMPLEMENTATIONS = YES;
				CLANG_WARN_DIRECT_OBJC_ISA_USAGE = YES_ERROR;
				CLANG_WARN_DOCUMENTATION_COMMENTS = YES;
				CLANG_WARN_EMPTY_BODY = YES;
				CLANG_WARN_ENUM_CONVERSION = YES;
				CLANG_WARN_INFINITE_RECURSION = YES;
				CLANG_WARN_INT_CONVERSION = YES;
				CLANG_WARN_NON_LITERAL_NULL_CONVERSION = YES;
				CLANG_WARN_OBJC_IMPLICIT_RETAIN_SELF = YES;
				CLANG_WARN_OBJC_LITERAL_CONVERSION = YES;
				CLANG_WARN_OBJC_ROOT_CLASS = YES_ERROR;
				CLANG_WARN_QUOTED_INCLUDE_IN_FRAMEWORK_HEADER = YES;
				CLANG_WARN_RANGE_LOOP_ANALYSIS = YES;
				CLANG_WARN_STRICT_PROTOTYPES = YES;
				CLANG_WARN_SUSPICIOUS_MOVE = YES;
				CLANG_WARN_UNGUARDED_AVAILABILITY = YES_AGGRESSIVE;
				CLANG_WARN_UNREACHABLE_CODE = YES;
				CLANG_WARN__DUPLICATE_METHOD_MATCH = YES;
				COPY_PHASE_STRIP = NO;
				DEBUG_INFORMATION_FORMAT = "dwarf-with-dsym";
				ENABLE_NS_ASSERTIONS = NO;
				ENABLE_STRICT_OBJC_MSGSEND = YES;
				ENABLE_USER_SCRIPT_SANDBOXING = YES;
				GCC_C_LANGUAGE_STANDARD = gnu17;
				GCC_NO_COMMON_BLOCKS = YES;
				GCC_WARN_64_TO_32_BIT_CONVERSION = YES;
				GCC_WARN_ABOUT_RETURN_TYPE = YES_ERROR;
				GCC_WARN_UNDECLARED_SELECTOR = YES;
				GCC_WARN_UNINITIALIZED_AUTOS = YES_AGGRESSIVE;
				GCC_WARN_UNUSED_FUNCTION = YES;
				GCC_WARN_UNUSED_VARIABLE = YES;
				IPHONEOS_DEPLOYMENT_TARGET = 18.2;
				LOCALIZATION_PREFERS_STRING_CATALOGS = YES;
				MTL_ENABLE_DEBUG_INFO = NO;
				MTL_FAST_MATH = YES;
				SDKROOT = iphoneos;
				SWIFT_COMPILATION_MODE = wholemodule;
				VALIDATE_PRODUCT = YES;
			};
			name = Release;
		};
		C79E61692D985D530059E263 /* Debug */ = {
			isa = XCBuildConfiguration;
			buildSettings = {
				ASSETCATALOG_COMPILER_APPICON_NAME = AppIcon;
				ASSETCATALOG_COMPILER_GLOBAL_ACCENT_COLOR_NAME = AccentColor;
				CODE_SIGN_STYLE = Automatic;
				CURRENT_PROJECT_VERSION = 1;
				DEVELOPMENT_ASSET_PATHS = "\"CForge/Preview Content\"";
				DEVELOPMENT_TEAM = 5SG2NQS75A;
				ENABLE_PREVIEWS = YES;
				GENERATE_INFOPLIST_FILE = YES;
				INFOPLIST_KEY_UIApplicationSceneManifest_Generation = YES;
				INFOPLIST_KEY_UIApplicationSupportsIndirectInputEvents = YES;
				INFOPLIST_KEY_UILaunchScreen_Generation = YES;
				INFOPLIST_KEY_UISupportedInterfaceOrientations_iPad = "UIInterfaceOrientationPortrait UIInterfaceOrientationPortraitUpsideDown UIInterfaceOrientationLandscapeLeft UIInterfaceOrientationLandscapeRight";
				INFOPLIST_KEY_UISupportedInterfaceOrientations_iPhone = "UIInterfaceOrientationPortrait UIInterfaceOrientationLandscapeLeft UIInterfaceOrientationLandscapeRight";
				IPHONEOS_DEPLOYMENT_TARGET = 17.6;
				LD_RUNPATH_SEARCH_PATHS = (
					"$(inherited)",
					"@executable_path/Frameworks",
				);
				MARKETING_VERSION = 1.0;
				PRODUCT_BUNDLE_IDENTIFIER = com.cforge.CForge;
				PRODUCT_NAME = "$(TARGET_NAME)";
				SWIFT_EMIT_LOC_STRINGS = YES;
				SWIFT_VERSION = 5.0;
				TARGETED_DEVICE_FAMILY = "1,2";
			};
			name = Debug;
		};
		C79E616A2D985D530059E263 /* Release */ = {
			isa = XCBuildConfiguration;
			buildSettings = {
				ASSETCATALOG_COMPILER_APPICON_NAME = AppIcon;
				ASSETCATALOG_COMPILER_GLOBAL_ACCENT_COLOR_NAME = AccentColor;
				CODE_SIGN_STYLE = Automatic;
				CURRENT_PROJECT_VERSION = 1;
				DEVELOPMENT_ASSET_PATHS = "\"CForge/Preview Content\"";
				DEVELOPMENT_TEAM = 5SG2NQS75A;
				ENABLE_PREVIEWS = YES;
				GENERATE_INFOPLIST_FILE = YES;
				INFOPLIST_KEY_UIApplicationSceneManifest_Generation = YES;
				INFOPLIST_KEY_UIApplicationSupportsIndirectInputEvents = YES;
				INFOPLIST_KEY_UILaunchScreen_Generation = YES;
				INFOPLIST_KEY_UISupportedInterfaceOrientations_iPad = "UIInterfaceOrientationPortrait UIInterfaceOrientationPortraitUpsideDown UIInterfaceOrientationLandscapeLeft UIInterfaceOrientationLandscapeRight";
				INFOPLIST_KEY_UISupportedInterfaceOrientations_iPhone = "UIInterfaceOrientationPortrait UIInterfaceOrientationLandscapeLeft UIInterfaceOrientationLandscapeRight";
				IPHONEOS_DEPLOYMENT_TARGET = 17.6;
				LD_RUNPATH_SEARCH_PATHS = (
					"$(inherited)",
					"@executable_path/Frameworks",
				);
				MARKETING_VERSION = 1.0;
				PRODUCT_BUNDLE_IDENTIFIER = com.cforge.CForge;
				PRODUCT_NAME = "$(TARGET_NAME)";
				SWIFT_EMIT_LOC_STRINGS = YES;
				SWIFT_VERSION = 5.0;
				TARGETED_DEVICE_FAMILY = "1,2";
			};
			name = Release;
		};
		C79E616C2D985D530059E263 /* Debug */ = {
			isa = XCBuildConfiguration;
			buildSettings = {
				BUNDLE_LOADER = "$(TEST_HOST)";
				CODE_SIGN_STYLE = Automatic;
				CURRENT_PROJECT_VERSION = 1;
				GENERATE_INFOPLIST_FILE = YES;
				IPHONEOS_DEPLOYMENT_TARGET = 18.2;
				MARKETING_VERSION = 1.0;
				PRODUCT_BUNDLE_IDENTIFIER = com.cforge.CForgeTests;
				PRODUCT_NAME = "$(TARGET_NAME)";
				SWIFT_EMIT_LOC_STRINGS = NO;
				SWIFT_VERSION = 5.0;
				TARGETED_DEVICE_FAMILY = "1,2";
				TEST_HOST = "$(BUILT_PRODUCTS_DIR)/CForge.app/$(BUNDLE_EXECUTABLE_FOLDER_PATH)/CForge";
			};
			name = Debug;
		};
		C79E616D2D985D530059E263 /* Release */ = {
			isa = XCBuildConfiguration;
			buildSettings = {
				BUNDLE_LOADER = "$(TEST_HOST)";
				CODE_SIGN_STYLE = Automatic;
				CURRENT_PROJECT_VERSION = 1;
				GENERATE_INFOPLIST_FILE = YES;
				IPHONEOS_DEPLOYMENT_TARGET = 18.2;
				MARKETING_VERSION = 1.0;
				PRODUCT_BUNDLE_IDENTIFIER = com.cforge.CForgeTests;
				PRODUCT_NAME = "$(TARGET_NAME)";
				SWIFT_EMIT_LOC_STRINGS = NO;
				SWIFT_VERSION = 5.0;
				TARGETED_DEVICE_FAMILY = "1,2";
				TEST_HOST = "$(BUILT_PRODUCTS_DIR)/CForge.app/$(BUNDLE_EXECUTABLE_FOLDER_PATH)/CForge";
			};
			name = Release;
		};
		C79E616F2D985D530059E263 /* Debug */ = {
			isa = XCBuildConfiguration;
			buildSettings = {
				CODE_SIGN_STYLE = Automatic;
				CURRENT_PROJECT_VERSION = 1;
				GENERATE_INFOPLIST_FILE = YES;
				MARKETING_VERSION = 1.0;
				PRODUCT_BUNDLE_IDENTIFIER = com.cforge.CForgeUITests;
				PRODUCT_NAME = "$(TARGET_NAME)";
				SWIFT_EMIT_LOC_STRINGS = NO;
				SWIFT_VERSION = 5.0;
				TARGETED_DEVICE_FAMILY = "1,2";
				TEST_TARGET_NAME = CForge;
			};
			name = Debug;
		};
		C79E61702D985D530059E263 /* Release */ = {
			isa = XCBuildConfiguration;
			buildSettings = {
				CODE_SIGN_STYLE = Automatic;
				CURRENT_PROJECT_VERSION = 1;
				GENERATE_INFOPLIST_FILE = YES;
				MARKETING_VERSION = 1.0;
				PRODUCT_BUNDLE_IDENTIFIER = com.cforge.CForgeUITests;
				PRODUCT_NAME = "$(TARGET_NAME)";
				SWIFT_EMIT_LOC_STRINGS = NO;
				SWIFT_VERSION = 5.0;
				TARGETED_DEVICE_FAMILY = "1,2";
				TEST_TARGET_NAME = CForge;
			};
			name = Release;
		};
/* End XCBuildConfiguration section */

/* Begin XCConfigurationList section */
		C79E613F2D985D510059E263 /* Build configuration list for PBXProject "CForge" */ = {
			isa = XCConfigurationList;
			buildConfigurations = (
				C79E61662D985D530059E263 /* Debug */,
				C79E61672D985D530059E263 /* Release */,
			);
			defaultConfigurationIsVisible = 0;
			defaultConfigurationName = Release;
		};
		C79E61682D985D530059E263 /* Build configuration list for PBXNativeTarget "CForge" */ = {
			isa = XCConfigurationList;
			buildConfigurations = (
				C79E61692D985D530059E263 /* Debug */,
				C79E616A2D985D530059E263 /* Release */,
			);
			defaultConfigurationIsVisible = 0;
			defaultConfigurationName = Release;
		};
		C79E616B2D985D530059E263 /* Build configuration list for PBXNativeTarget "CForgeTests" */ = {
			isa = XCConfigurationList;
			buildConfigurations = (
				C79E616C2D985D530059E263 /* Debug */,
				C79E616D2D985D530059E263 /* Release */,
			);
			defaultConfigurationIsVisible = 0;
			defaultConfigurationName = Release;
		};
		C79E616E2D985D530059E263 /* Build configuration list for PBXNativeTarget "CForgeUITests" */ = {
			isa = XCConfigurationList;
			buildConfigurations = (
				C79E616F2D985D530059E263 /* Debug */,
				C79E61702D985D530059E263 /* Release */,
			);
			defaultConfigurationIsVisible = 0;
			defaultConfigurationName = Release;
		};
/* End XCConfigurationList section */

/* Begin XCRemoteSwiftPackageReference section */
		C79E61922D9868BE0059E263 /* XCRemoteSwiftPackageReference "SDWebImageSwiftUI" */ = {
			isa = XCRemoteSwiftPackageReference;
			repositoryURL = "https://github.com/SDWebImage/SDWebImageSwiftUI.git";
			requirement = {
				kind = upToNextMajorVersion;
				minimumVersion = 3.1.3;
			};
		};
		C79E61A72D9874A70059E263 /* XCRemoteSwiftPackageReference "swiftui-flow-layout" */ = {
			isa = XCRemoteSwiftPackageReference;
			repositoryURL = "https://github.com/globulus/swiftui-flow-layout";
			requirement = {
				kind = upToNextMajorVersion;
				minimumVersion = 1.0.5;
			};
		};
/* End XCRemoteSwiftPackageReference section */

/* Begin XCSwiftPackageProductDependency section */
		C79E61932D9868BE0059E263 /* SDWebImageSwiftUI */ = {
			isa = XCSwiftPackageProductDependency;
			package = C79E61922D9868BE0059E263 /* XCRemoteSwiftPackageReference "SDWebImageSwiftUI" */;
			productName = SDWebImageSwiftUI;
		};
		C79E61A82D9874A70059E263 /* SwiftUIFlowLayout */ = {
			isa = XCSwiftPackageProductDependency;
			package = C79E61A72D9874A70059E263 /* XCRemoteSwiftPackageReference "swiftui-flow-layout" */;
			productName = SwiftUIFlowLayout;
		};
/* End XCSwiftPackageProductDependency section */
	};
	rootObject = C79E613C2D985D510059E263 /* Project object */;
}
